// !$*UTF8*$!
{
	archiveVersion = 1;
	classes = {
	};
	objectVersion = 50;
	objects = {

/* Begin PBXBuildFile section */
		6CF38D1921FA511A00ADEFAA /* AppDelegate.swift in Sources */ = {isa = PBXBuildFile; fileRef = 6CF38D1821FA511A00ADEFAA /* AppDelegate.swift */; };
		6CF38D1B21FA511A00ADEFAA /* ViewController.swift in Sources */ = {isa = PBXBuildFile; fileRef = 6CF38D1A21FA511A00ADEFAA /* ViewController.swift */; };
		6CF38D1E21FA511A00ADEFAA /* Main.storyboard in Resources */ = {isa = PBXBuildFile; fileRef = 6CF38D1C21FA511A00ADEFAA /* Main.storyboard */; };
		6CF38D2021FA511C00ADEFAA /* Assets.xcassets in Resources */ = {isa = PBXBuildFile; fileRef = 6CF38D1F21FA511C00ADEFAA /* Assets.xcassets */; };
		6CF38D2321FA511C00ADEFAA /* LaunchScreen.storyboard in Resources */ = {isa = PBXBuildFile; fileRef = 6CF38D2121FA511C00ADEFAA /* LaunchScreen.storyboard */; };
		6CF38D2E21FA511C00ADEFAA /* HackwichTwoTests.swift in Sources */ = {isa = PBXBuildFile; fileRef = 6CF38D2D21FA511C00ADEFAA /* HackwichTwoTests.swift */; };
		6CF38D3921FA511C00ADEFAA /* HackwichTwoUITests.swift in Sources */ = {isa = PBXBuildFile; fileRef = 6CF38D3821FA511C00ADEFAA /* HackwichTwoUITests.swift */; };
/* End PBXBuildFile section */

/* Begin PBXContainerItemProxy section */
		6CF38D2A21FA511C00ADEFAA /* PBXContainerItemProxy */ = {
			isa = PBXContainerItemProxy;
			containerPortal = 6CF38D0D21FA511A00ADEFAA /* Project object */;
			proxyType = 1;
			remoteGlobalIDString = 6CF38D1421FA511A00ADEFAA;
			remoteInfo = HackwichTwo;
		};
		6CF38D3521FA511C00ADEFAA /* PBXContainerItemProxy */ = {
			isa = PBXContainerItemProxy;
			containerPortal = 6CF38D0D21FA511A00ADEFAA /* Project object */;
			proxyType = 1;
			remoteGlobalIDString = 6CF38D1421FA511A00ADEFAA;
			remoteInfo = HackwichTwo;
		};
/* End PBXContainerItemProxy section */

/* Begin PBXFileReference section */
		6CF38D1521FA511A00ADEFAA /* HackwichTwo.app */ = {isa = PBXFileReference; explicitFileType = wrapper.application; includeInIndex = 0; path = HackwichTwo.app; sourceTree = BUILT_PRODUCTS_DIR; };
		6CF38D1821FA511A00ADEFAA /* AppDelegate.swift */ = {isa = PBXFileReference; lastKnownFileType = sourcecode.swift; path = AppDelegate.swift; sourceTree = "<group>"; };
		6CF38D1A21FA511A00ADEFAA /* ViewController.swift */ = {isa = PBXFileReference; lastKnownFileType = sourcecode.swift; path = ViewController.swift; sourceTree = "<group>"; };
		6CF38D1D21FA511A00ADEFAA /* Base */ = {isa = PBXFileReference; lastKnownFileType = file.storyboard; name = Base; path = Base.lproj/Main.storyboard; sourceTree = "<group>"; };
		6CF38D1F21FA511C00ADEFAA /* Assets.xcassets */ = {isa = PBXFileReference; lastKnownFileType = folder.assetcatalog; path = Assets.xcassets; sourceTree = "<group>"; };
		6CF38D2221FA511C00ADEFAA /* Base */ = {isa = PBXFileReference; lastKnownFileType = file.storyboard; name = Base; path = Base.lproj/LaunchScreen.storyboard; sourceTree = "<group>"; };
		6CF38D2421FA511C00ADEFAA /* Info.plist */ = {isa = PBXFileReference; lastKnownFileType = text.plist.xml; path = Info.plist; sourceTree = "<group>"; };
		6CF38D2921FA511C00ADEFAA /* HackwichTwoTests.xctest */ = {isa = PBXFileReference; explicitFileType = wrapper.cfbundle; includeInIndex = 0; path = HackwichTwoTests.xctest; sourceTree = BUILT_PRODUCTS_DIR; };
		6CF38D2D21FA511C00ADEFAA /* HackwichTwoTests.swift */ = {isa = PBXFileReference; lastKnownFileType = sourcecode.swift; path = HackwichTwoTests.swift; sourceTree = "<group>"; };
		6CF38D2F21FA511C00ADEFAA /* Info.plist */ = {isa = PBXFileReference; lastKnownFileType = text.plist.xml; path = Info.plist; sourceTree = "<group>"; };
		6CF38D3421FA511C00ADEFAA /* HackwichTwoUITests.xctest */ = {isa = PBXFileReference; explicitFileType = wrapper.cfbundle; includeInIndex = 0; path = HackwichTwoUITests.xctest; sourceTree = BUILT_PRODUCTS_DIR; };
		6CF38D3821FA511C00ADEFAA /* HackwichTwoUITests.swift */ = {isa = PBXFileReference; lastKnownFileType = sourcecode.swift; path = HackwichTwoUITests.swift; sourceTree = "<group>"; };
		6CF38D3A21FA511C00ADEFAA /* Info.plist */ = {isa = PBXFileReference; lastKnownFileType = text.plist.xml; path = Info.plist; sourceTree = "<group>"; };
/* End PBXFileReference section */

/* Begin PBXFrameworksBuildPhase section */
		6CF38D1221FA511A00ADEFAA /* Frameworks */ = {
			isa = PBXFrameworksBuildPhase;
			buildActionMask = 2147483647;
			files = (
			);
			runOnlyForDeploymentPostprocessing = 0;
		};
		6CF38D2621FA511C00ADEFAA /* Frameworks */ = {
			isa = PBXFrameworksBuildPhase;
			buildActionMask = 2147483647;
			files = (
			);
			runOnlyForDeploymentPostprocessing = 0;
		};
		6CF38D3121FA511C00ADEFAA /* Frameworks */ = {
			isa = PBXFrameworksBuildPhase;
			buildActionMask = 2147483647;
			files = (
			);
			runOnlyForDeploymentPostprocessing = 0;
		};
/* End PBXFrameworksBuildPhase section */

/* Begin PBXGroup section */
		6CF38D0C21FA511A00ADEFAA = {
			isa = PBXGroup;
			children = (
				6CF38D1721FA511A00ADEFAA /* HackwichTwo */,
				6CF38D2C21FA511C00ADEFAA /* HackwichTwoTests */,
				6CF38D3721FA511C00ADEFAA /* HackwichTwoUITests */,
				6CF38D1621FA511A00ADEFAA /* Products */,
			);
			sourceTree = "<group>";
		};
		6CF38D1621FA511A00ADEFAA /* Products */ = {
			isa = PBXGroup;
			children = (
				6CF38D1521FA511A00ADEFAA /* HackwichTwo.app */,
				6CF38D2921FA511C00ADEFAA /* HackwichTwoTests.xctest */,
				6CF38D3421FA511C00ADEFAA /* HackwichTwoUITests.xctest */,
			);
			name = Products;
			sourceTree = "<group>";
		};
		6CF38D1721FA511A00ADEFAA /* HackwichTwo */ = {
			isa = PBXGroup;
			children = (
				6CF38D1821FA511A00ADEFAA /* AppDelegate.swift */,
				6CF38D1A21FA511A00ADEFAA /* ViewController.swift */,
				6CF38D1C21FA511A00ADEFAA /* Main.storyboard */,
				6CF38D1F21FA511C00ADEFAA /* Assets.xcassets */,
				6CF38D2121FA511C00ADEFAA /* LaunchScreen.storyboard */,
				6CF38D2421FA511C00ADEFAA /* Info.plist */,
			);
			path = HackwichTwo;
			sourceTree = "<group>";
		};
		6CF38D2C21FA511C00ADEFAA /* HackwichTwoTests */ = {
			isa = PBXGroup;
			children = (
				6CF38D2D21FA511C00ADEFAA /* HackwichTwoTests.swift */,
				6CF38D2F21FA511C00ADEFAA /* Info.plist */,
			);
			path = HackwichTwoTests;
			sourceTree = "<group>";
		};
		6CF38D3721FA511C00ADEFAA /* HackwichTwoUITests */ = {
			isa = PBXGroup;
			children = (
				6CF38D3821FA511C00ADEFAA /* HackwichTwoUITests.swift */,
				6CF38D3A21FA511C00ADEFAA /* Info.plist */,
			);
			path = HackwichTwoUITests;
			sourceTree = "<group>";
		};
/* End PBXGroup section */

/* Begin PBXNativeTarget section */
		6CF38D1421FA511A00ADEFAA /* HackwichTwo */ = {
			isa = PBXNativeTarget;
			buildConfigurationList = 6CF38D3D21FA511C00ADEFAA /* Build configuration list for PBXNativeTarget "HackwichTwo" */;
			buildPhases = (
				6CF38D1121FA511A00ADEFAA /* Sources */,
				6CF38D1221FA511A00ADEFAA /* Frameworks */,
				6CF38D1321FA511A00ADEFAA /* Resources */,
			);
			buildRules = (
			);
			dependencies = (
			);
			name = HackwichTwo;
			productName = HackwichTwo;
			productReference = 6CF38D1521FA511A00ADEFAA /* HackwichTwo.app */;
			productType = "com.apple.product-type.application";
		};
		6CF38D2821FA511C00ADEFAA /* HackwichTwoTests */ = {
			isa = PBXNativeTarget;
			buildConfigurationList = 6CF38D4021FA511C00ADEFAA /* Build configuration list for PBXNativeTarget "HackwichTwoTests" */;
			buildPhases = (
				6CF38D2521FA511C00ADEFAA /* Sources */,
				6CF38D2621FA511C00ADEFAA /* Frameworks */,
				6CF38D2721FA511C00ADEFAA /* Resources */,
			);
			buildRules = (
			);
			dependencies = (
				6CF38D2B21FA511C00ADEFAA /* PBXTargetDependency */,
			);
			name = HackwichTwoTests;
			productName = HackwichTwoTests;
			productReference = 6CF38D2921FA511C00ADEFAA /* HackwichTwoTests.xctest */;
			productType = "com.apple.product-type.bundle.unit-test";
		};
		6CF38D3321FA511C00ADEFAA /* HackwichTwoUITests */ = {
			isa = PBXNativeTarget;
			buildConfigurationList = 6CF38D4321FA511C00ADEFAA /* Build configuration list for PBXNativeTarget "HackwichTwoUITests" */;
			buildPhases = (
				6CF38D3021FA511C00ADEFAA /* Sources */,
				6CF38D3121FA511C00ADEFAA /* Frameworks */,
				6CF38D3221FA511C00ADEFAA /* Resources */,
			);
			buildRules = (
			);
			dependencies = (
				6CF38D3621FA511C00ADEFAA /* PBXTargetDependency */,
			);
			name = HackwichTwoUITests;
			productName = HackwichTwoUITests;
			productReference = 6CF38D3421FA511C00ADEFAA /* HackwichTwoUITests.xctest */;
			productType = "com.apple.product-type.bundle.ui-testing";
		};
/* End PBXNativeTarget section */

/* Begin PBXProject section */
		6CF38D0D21FA511A00ADEFAA /* Project object */ = {
			isa = PBXProject;
			attributes = {
				LastSwiftUpdateCheck = 1010;
				LastUpgradeCheck = 1010;
				ORGANIZATIONNAME = "Jerimie Lucero";
				TargetAttributes = {
					6CF38D1421FA511A00ADEFAA = {
						CreatedOnToolsVersion = 10.1;
					};
					6CF38D2821FA511C00ADEFAA = {
						CreatedOnToolsVersion = 10.1;
						TestTargetID = 6CF38D1421FA511A00ADEFAA;
					};
					6CF38D3321FA511C00ADEFAA = {
						CreatedOnToolsVersion = 10.1;
						TestTargetID = 6CF38D1421FA511A00ADEFAA;
					};
				};
			};
			buildConfigurationList = 6CF38D1021FA511A00ADEFAA /* Build configuration list for PBXProject "HackwichTwo" */;
			compatibilityVersion = "Xcode 9.3";
			developmentRegion = en;
			hasScannedForEncodings = 0;
			knownRegions = (
				en,
				Base,
			);
			mainGroup = 6CF38D0C21FA511A00ADEFAA;
			productRefGroup = 6CF38D1621FA511A00ADEFAA /* Products */;
			projectDirPath = "";
			projectRoot = "";
			targets = (
				6CF38D1421FA511A00ADEFAA /* HackwichTwo */,
				6CF38D2821FA511C00ADEFAA /* HackwichTwoTests */,
				6CF38D3321FA511C00ADEFAA /* HackwichTwoUITests */,
			);
		};
/* End PBXProject section */

/* Begin PBXResourcesBuildPhase section */
		6CF38D1321FA511A00ADEFAA /* Resources */ = {
			isa = PBXResourcesBuildPhase;
			buildActionMask = 2147483647;
			files = (
				6CF38D2321FA511C00ADEFAA /* LaunchScreen.storyboard in Resources */,
				6CF38D2021FA511C00ADEFAA /* Assets.xcassets in Resources */,
				6CF38D1E21FA511A00ADEFAA /* Main.storyboard in Resources */,
			);
			runOnlyForDeploymentPostprocessing = 0;
		};
		6CF38D2721FA511C00ADEFAA /* Resources */ = {
			isa = PBXResourcesBuildPhase;
			buildActionMask = 2147483647;
			files = (
			);
			runOnlyForDeploymentPostprocessing = 0;
		};
		6CF38D3221FA511C00ADEFAA /* Resources */ = {
			isa = PBXResourcesBuildPhase;
			buildActionMask = 2147483647;
			files = (
			);
			runOnlyForDeploymentPostprocessing = 0;
		};
/* End PBXResourcesBuildPhase section */

/* Begin PBXSourcesBuildPhase section */
		6CF38D1121FA511A00ADEFAA /* Sources */ = {
			isa = PBXSourcesBuildPhase;
			buildActionMask = 2147483647;
			files = (
				6CF38D1B21FA511A00ADEFAA /* ViewController.swift in Sources */,
				6CF38D1921FA511A00ADEFAA /* AppDelegate.swift in Sources */,
			);
			runOnlyForDeploymentPostprocessing = 0;
		};
		6CF38D2521FA511C00ADEFAA /* Sources */ = {
			isa = PBXSourcesBuildPhase;
			buildActionMask = 2147483647;
			files = (
				6CF38D2E21FA511C00ADEFAA /* HackwichTwoTests.swift in Sources */,
			);
			runOnlyForDeploymentPostprocessing = 0;
		};
		6CF38D3021FA511C00ADEFAA /* Sources */ = {
			isa = PBXSourcesBuildPhase;
			buildActionMask = 2147483647;
			files = (
				6CF38D3921FA511C00ADEFAA /* HackwichTwoUITests.swift in Sources */,
			);
			runOnlyForDeploymentPostprocessing = 0;
		};
/* End PBXSourcesBuildPhase section */

/* Begin PBXTargetDependency section */
		6CF38D2B21FA511C00ADEFAA /* PBXTargetDependency */ = {
			isa = PBXTargetDependency;
			target = 6CF38D1421FA511A00ADEFAA /* HackwichTwo */;
			targetProxy = 6CF38D2A21FA511C00ADEFAA /* PBXContainerItemProxy */;
		};
		6CF38D3621FA511C00ADEFAA /* PBXTargetDependency */ = {
			isa = PBXTargetDependency;
			target = 6CF38D1421FA511A00ADEFAA /* HackwichTwo */;
			targetProxy = 6CF38D3521FA511C00ADEFAA /* PBXContainerItemProxy */;
		};
/* End PBXTargetDependency section */

/* Begin PBXVariantGroup section */
		6CF38D1C21FA511A00ADEFAA /* Main.storyboard */ = {
			isa = PBXVariantGroup;
			children = (
				6CF38D1D21FA511A00ADEFAA /* Base */,
			);
			name = Main.storyboard;
			sourceTree = "<group>";
		};
		6CF38D2121FA511C00ADEFAA /* LaunchScreen.storyboard */ = {
			isa = PBXVariantGroup;
			children = (
				6CF38D2221FA511C00ADEFAA /* Base */,
			);
			name = LaunchScreen.storyboard;
			sourceTree = "<group>";
		};
/* End PBXVariantGroup section */

/* Begin XCBuildConfiguration section */
		6CF38D3B21FA511C00ADEFAA /* Debug */ = {
			isa = XCBuildConfiguration;
			buildSettings = {
				ALWAYS_SEARCH_USER_PATHS = NO;
				CLANG_ANALYZER_NONNULL = YES;
				CLANG_ANALYZER_NUMBER_OBJECT_CONVERSION = YES_AGGRESSIVE;
				CLANG_CXX_LANGUAGE_STANDARD = "gnu++14";
				CLANG_CXX_LIBRARY = "libc++";
				CLANG_ENABLE_MODULES = YES;
				CLANG_ENABLE_OBJC_ARC = YES;
				CLANG_ENABLE_OBJC_WEAK = YES;
				CLANG_WARN_BLOCK_CAPTURE_AUTORELEASING = YES;
				CLANG_WARN_BOOL_CONVERSION = YES;
				CLANG_WARN_COMMA = YES;
				CLANG_WARN_CONSTANT_CONVERSION = YES;
				CLANG_WARN_DEPRECATED_OBJC_IMPLEMENTATIONS = YES;
				CLANG_WARN_DIRECT_OBJC_ISA_USAGE = YES_ERROR;
				CLANG_WARN_DOCUMENTATION_COMMENTS = YES;
				CLANG_WARN_EMPTY_BODY = YES;
				CLANG_WARN_ENUM_CONVERSION = YES;
				CLANG_WARN_INFINITE_RECURSION = YES;
				CLANG_WARN_INT_CONVERSION = YES;
				CLANG_WARN_NON_LITERAL_NULL_CONVERSION = YES;
				CLANG_WARN_OBJC_IMPLICIT_RETAIN_SELF = YES;
				CLANG_WARN_OBJC_LITERAL_CONVERSION = YES;
				CLANG_WARN_OBJC_ROOT_CLASS = YES_ERROR;
				CLANG_WARN_RANGE_LOOP_ANALYSIS = YES;
				CLANG_WARN_STRICT_PROTOTYPES = YES;
				CLANG_WARN_SUSPICIOUS_MOVE = YES;
				CLANG_WARN_UNGUARDED_AVAILABILITY = YES_AGGRESSIVE;
				CLANG_WARN_UNREACHABLE_CODE = YES;
				CLANG_WARN__DUPLICATE_METHOD_MATCH = YES;
				CODE_SIGN_IDENTITY = "iPhone Developer";
				COPY_PHASE_STRIP = NO;
				DEBUG_INFORMATION_FORMAT = dwarf;
				ENABLE_STRICT_OBJC_MSGSEND = YES;
				ENABLE_TESTABILITY = YES;
				GCC_C_LANGUAGE_STANDARD = gnu11;
				GCC_DYNAMIC_NO_PIC = NO;
				GCC_NO_COMMON_BLOCKS = YES;
				GCC_OPTIMIZATION_LEVEL = 0;
				GCC_PREPROCESSOR_DEFINITIONS = (
					"DEBUG=1",
					"$(inherited)",
				);
				GCC_WARN_64_TO_32_BIT_CONVERSION = YES;
				GCC_WARN_ABOUT_RETURN_TYPE = YES_ERROR;
				GCC_WARN_UNDECLARED_SELECTOR = YES;
				GCC_WARN_UNINITIALIZED_AUTOS = YES_AGGRESSIVE;
				GCC_WARN_UNUSED_FUNCTION = YES;
				GCC_WARN_UNUSED_VARIABLE = YES;
				IPHONEOS_DEPLOYMENT_TARGET = 12.1;
				MTL_ENABLE_DEBUG_INFO = INCLUDE_SOURCE;
				MTL_FAST_MATH = YES;
				ONLY_ACTIVE_ARCH = YES;
				SDKROOT = iphoneos;
				SWIFT_ACTIVE_COMPILATION_CONDITIONS = DEBUG;
				SWIFT_OPTIMIZATION_LEVEL = "-Onone";
			};
			name = Debug;
		};
		6CF38D3C21FA511C00ADEFAA /* Release */ = {
			isa = XCBuildConfiguration;
			buildSettings = {
				ALWAYS_SEARCH_USER_PATHS = NO;
				CLANG_ANALYZER_NONNULL = YES;
				CLANG_ANALYZER_NUMBER_OBJECT_CONVERSION = YES_AGGRESSIVE;
				CLANG_CXX_LANGUAGE_STANDARD = "gnu++14";
				CLANG_CXX_LIBRARY = "libc++";
				CLANG_ENABLE_MODULES = YES;
				CLANG_ENABLE_OBJC_ARC = YES;
				CLANG_ENABLE_OBJC_WEAK = YES;
				CLANG_WARN_BLOCK_CAPTURE_AUTORELEASING = YES;
				CLANG_WARN_BOOL_CONVERSION = YES;
				CLANG_WARN_COMMA = YES;
				CLANG_WARN_CONSTANT_CONVERSION = YES;
				CLANG_WARN_DEPRECATED_OBJC_IMPLEMENTATIONS = YES;
				CLANG_WARN_DIRECT_OBJC_ISA_USAGE = YES_ERROR;
				CLANG_WARN_DOCUMENTATION_COMMENTS = YES;
				CLANG_WARN_EMPTY_BODY = YES;
				CLANG_WARN_ENUM_CONVERSION = YES;
				CLANG_WARN_INFINITE_RECURSION = YES;
				CLANG_WARN_INT_CONVERSION = YES;
				CLANG_WARN_NON_LITERAL_NULL_CONVERSION = YES;
				CLANG_WARN_OBJC_IMPLICIT_RETAIN_SELF = YES;
				CLANG_WARN_OBJC_LITERAL_CONVERSION = YES;
				CLANG_WARN_OBJC_ROOT_CLASS = YES_ERROR;
				CLANG_WARN_RANGE_LOOP_ANALYSIS = YES;
				CLANG_WARN_STRICT_PROTOTYPES = YES;
				CLANG_WARN_SUSPICIOUS_MOVE = YES;
				CLANG_WARN_UNGUARDED_AVAILABILITY = YES_AGGRESSIVE;
				CLANG_WARN_UNREACHABLE_CODE = YES;
				CLANG_WARN__DUPLICATE_METHOD_MATCH = YES;
				CODE_SIGN_IDENTITY = "iPhone Developer";
				COPY_PHASE_STRIP = NO;
				DEBUG_INFORMATION_FORMAT = "dwarf-with-dsym";
				ENABLE_NS_ASSERTIONS = NO;
				ENABLE_STRICT_OBJC_MSGSEND = YES;
				GCC_C_LANGUAGE_STANDARD = gnu11;
				GCC_NO_COMMON_BLOCKS = YES;
				GCC_WARN_64_TO_32_BIT_CONVERSION = YES;
				GCC_WARN_ABOUT_RETURN_TYPE = YES_ERROR;
				GCC_WARN_UNDECLARED_SELECTOR = YES;
				GCC_WARN_UNINITIALIZED_AUTOS = YES_AGGRESSIVE;
				GCC_WARN_UNUSED_FUNCTION = YES;
				GCC_WARN_UNUSED_VARIABLE = YES;
				IPHONEOS_DEPLOYMENT_TARGET = 12.1;
				MTL_ENABLE_DEBUG_INFO = NO;
				MTL_FAST_MATH = YES;
				SDKROOT = iphoneos;
				SWIFT_COMPILATION_MODE = wholemodule;
				SWIFT_OPTIMIZATION_LEVEL = "-O";
				VALIDATE_PRODUCT = YES;
			};
			name = Release;
		};
		6CF38D3E21FA511C00ADEFAA /* Debug */ = {
			isa = XCBuildConfiguration;
			buildSettings = {
				ASSETCATALOG_COMPILER_APPICON_NAME = AppIcon;
				CODE_SIGN_STYLE = Automatic;
				DEVELOPMENT_TEAM = PX857T6PZP;
				INFOPLIST_FILE = HackwichTwo/Info.plist;
				LD_RUNPATH_SEARCH_PATHS = (
					"$(inherited)",
					"@executable_path/Frameworks",
				);
				PRODUCT_BUNDLE_IDENTIFIER = UHWO.HackwichTwo;
				PRODUCT_NAME = "$(TARGET_NAME)";
				SWIFT_VERSION = 4.2;
				TARGETED_DEVICE_FAMILY = "1,2";
			};
			name = Debug;
		};
		6CF38D3F21FA511C00ADEFAA /* Release */ = {
			isa = XCBuildConfiguration;
			buildSettings = {
				ASSETCATALOG_COMPILER_APPICON_NAME = AppIcon;
				CODE_SIGN_STYLE = Automatic;
				DEVELOPMENT_TEAM = PX857T6PZP;
				INFOPLIST_FILE = HackwichTwo/Info.plist;
				LD_RUNPATH_SEARCH_PATHS = (
					"$(inherited)",
					"@executable_path/Frameworks",
				);
				PRODUCT_BUNDLE_IDENTIFIER = UHWO.HackwichTwo;
				PRODUCT_NAME = "$(TARGET_NAME)";
				SWIFT_VERSION = 4.2;
				TARGETED_DEVICE_FAMILY = "1,2";
			};
			name = Release;
		};
		6CF38D4121FA511C00ADEFAA /* Debug */ = {
			isa = XCBuildConfiguration;
			buildSettings = {
				ALWAYS_EMBED_SWIFT_STANDARD_LIBRARIES = YES;
				BUNDLE_LOADER = "$(TEST_HOST)";
				CODE_SIGN_STYLE = Automatic;
				DEVELOPMENT_TEAM = PX857T6PZP;
				INFOPLIST_FILE = HackwichTwoTests/Info.plist;
				LD_RUNPATH_SEARCH_PATHS = (
					"$(inherited)",
					"@executable_path/Frameworks",
					"@loader_path/Frameworks",
				);
				PRODUCT_BUNDLE_IDENTIFIER = UHWO.HackwichTwoTests;
				PRODUCT_NAME = "$(TARGET_NAME)";
				SWIFT_VERSION = 4.2;
				TARGETED_DEVICE_FAMILY = "1,2";
				TEST_HOST = "$(BUILT_PRODUCTS_DIR)/HackwichTwo.app/HackwichTwo";
			};
			name = Debug;
		};
		6CF38D4221FA511C00ADEFAA /* Release */ = {
			isa = XCBuildConfiguration;
			buildSettings = {
				ALWAYS_EMBED_SWIFT_STANDARD_LIBRARIES = YES;
				BUNDLE_LOADER = "$(TEST_HOST)";
				CODE_SIGN_STYLE = Automatic;
				DEVELOPMENT_TEAM = PX857T6PZP;
				INFOPLIST_FILE = HackwichTwoTests/Info.plist;
				LD_RUNPATH_SEARCH_PATHS = (
					"$(inherited)",
					"@executable_path/Frameworks",
					"@loader_path/Frameworks",
				);
				PRODUCT_BUNDLE_IDENTIFIER = UHWO.HackwichTwoTests;
				PRODUCT_NAME = "$(TARGET_NAME)";
				SWIFT_VERSION = 4.2;
				TARGETED_DEVICE_FAMILY = "1,2";
				TEST_HOST = "$(BUILT_PRODUCTS_DIR)/HackwichTwo.app/HackwichTwo";
			};
			name = Release;
		};
		6CF38D4421FA511C00ADEFAA /* Debug */ = {
			isa = XCBuildConfiguration;
			buildSettings = {
				ALWAYS_EMBED_SWIFT_STANDARD_LIBRARIES = YES;
				CODE_SIGN_STYLE = Automatic;
				DEVELOPMENT_TEAM = PX857T6PZP;
				INFOPLIST_FILE = HackwichTwoUITests/Info.plist;
				LD_RUNPATH_SEARCH_PATHS = (
					"$(inherited)",
					"@executable_path/Frameworks",
					"@loader_path/Frameworks",
				);
				PRODUCT_BUNDLE_IDENTIFIER = UHWO.HackwichTwoUITests;
				PRODUCT_NAME = "$(TARGET_NAME)";
				SWIFT_VERSION = 4.2;
				TARGETED_DEVICE_FAMILY = "1,2";
				TEST_TARGET_NAME = HackwichTwo;
			};
			name = Debug;
		};
		6CF38D4521FA511C00ADEFAA /* Release */ = {
			isa = XCBuildConfiguration;
			buildSettings = {
				ALWAYS_EMBED_SWIFT_STANDARD_LIBRARIES = YES;
				CODE_SIGN_STYLE = Automatic;
				DEVELOPMENT_TEAM = PX857T6PZP;
				INFOPLIST_FILE = HackwichTwoUITests/Info.plist;
				LD_RUNPATH_SEARCH_PATHS = (
					"$(inherited)",
					"@executable_path/Frameworks",
					"@loader_path/Frameworks",
				);
				PRODUCT_BUNDLE_IDENTIFIER = UHWO.HackwichTwoUITests;
				PRODUCT_NAME = "$(TARGET_NAME)";
				SWIFT_VERSION = 4.2;
				TARGETED_DEVICE_FAMILY = "1,2";
				TEST_TARGET_NAME = HackwichTwo;
			};
			name = Release;
		};
/* End XCBuildConfiguration section */

/* Begin XCConfigurationList section */
		6CF38D1021FA511A00ADEFAA /* Build configuration list for PBXProject "HackwichTwo" */ = {
			isa = XCConfigurationList;
			buildConfigurations = (
				6CF38D3B21FA511C00ADEFAA /* Debug */,
				6CF38D3C21FA511C00ADEFAA /* Release */,
			);
			defaultConfigurationIsVisible = 0;
			defaultConfigurationName = Release;
		};
		6CF38D3D21FA511C00ADEFAA /* Build configuration list for PBXNativeTarget "HackwichTwo" */ = {
			isa = XCConfigurationList;
			buildConfigurations = (
				6CF38D3E21FA511C00ADEFAA /* Debug */,
				6CF38D3F21FA511C00ADEFAA /* Release */,
			);
			defaultConfigurationIsVisible = 0;
			defaultConfigurationName = Release;
		};
		6CF38D4021FA511C00ADEFAA /* Build configuration list for PBXNativeTarget "HackwichTwoTests" */ = {
			isa = XCConfigurationList;
			buildConfigurations = (
				6CF38D4121FA511C00ADEFAA /* Debug */,
				6CF38D4221FA511C00ADEFAA /* Release */,
			);
			defaultConfigurationIsVisible = 0;
			defaultConfigurationName = Release;
		};
		6CF38D4321FA511C00ADEFAA /* Build configuration list for PBXNativeTarget "HackwichTwoUITests" */ = {
			isa = XCConfigurationList;
			buildConfigurations = (
				6CF38D4421FA511C00ADEFAA /* Debug */,
				6CF38D4521FA511C00ADEFAA /* Release */,
			);
			defaultConfigurationIsVisible = 0;
			defaultConfigurationName = Release;
		};
/* End XCConfigurationList section */
	};
	rootObject = 6CF38D0D21FA511A00ADEFAA /* Project object */;
}
